
Microsoft Visual Studio Solution File, Format Version 12.00
# Visual Studio Version 17
VisualStudioVersion = 17.0.31903.59
MinimumVisualStudioVersion = 10.0.40219.1
Project("{2150E333-8FDC-42A3-9474-1A3956D46DE8}") = "src", "src", "{2761EFB9-4F6A-4760-A158-22BA9A5E65ED}"
EndProject
Project("{FAE04EC0-301F-11D3-BF4B-00C04F79EFBC}") = "MonkeNameplates", "src\MonkeNameplates\MonkeNameplates.csproj", "{B1B0BCDE-A1C0-4B71-BF22-47387F5874DE}"
EndProject
Global
	GlobalSection(SolutionConfigurationPlatforms) = preSolution
		Debug|Any CPU = Debug|Any CPU
		Release|Any CPU = Release|Any CPU
	EndGlobalSection
	GlobalSection(SolutionProperties) = preSolution
		HideSolutionNode = FALSE
	EndGlobalSection
	GlobalSection(ProjectConfigurationPlatforms) = postSolution
		{B1B0BCDE-A1C0-4B71-BF22-47387F5874DE}.Debug|Any CPU.ActiveCfg = Debug|Any CPU
		{B1B0BCDE-A1C0-4B71-BF22-47387F5874DE}.Debug|Any CPU.Build.0 = Debug|Any CPU
		{B1B0BCDE-A1C0-4B71-BF22-47387F5874DE}.Release|Any CPU.ActiveCfg = Release|Any CPU
		{B1B0BCDE-A1C0-4B71-BF22-47387F5874DE}.Release|Any CPU.Build.0 = Release|Any CPU
	EndGlobalSection
	GlobalSection(NestedProjects) = preSolution
		{B1B0BCDE-A1C0-4B71-BF22-47387F5874DE} = {2761EFB9-4F6A-4760-A158-22BA9A5E65ED}
	EndGlobalSection
EndGlobal
